
Microsoft Visual Studio Solution File, Format Version 12.00
# Visual Studio Version 17
VisualStudioVersion = 17.3.32811.315
MinimumVisualStudioVersion = 10.0.40219.1
Project("{FAE04EC0-301F-11D3-BF4B-00C04F79EFBC}") = "ZADANIE_2", "ZADANIE_2.csproj", "{D2C3EC47-1097-4332-A249-69F5E0904C95}"
EndProject
Global
	GlobalSection(SolutionConfigurationPlatforms) = preSolution
		Debug|Any CPU = Debug|Any CPU
		Release|Any CPU = Release|Any CPU
	EndGlobalSection
	GlobalSection(ProjectConfigurationPlatforms) = postSolution
		{D2C3EC47-1097-4332-A249-69F5E0904C95}.Debug|Any CPU.ActiveCfg = Debug|Any CPU
		{D2C3EC47-1097-4332-A249-69F5E0904C95}.Debug|Any CPU.Build.0 = Debug|Any CPU
		{D2C3EC47-1097-4332-A249-69F5E0904C95}.Release|Any CPU.ActiveCfg = Release|Any CPU
		{D2C3EC47-1097-4332-A249-69F5E0904C95}.Release|Any CPU.Build.0 = Release|Any CPU
	EndGlobalSection
	GlobalSection(SolutionProperties) = preSolution
		HideSolutionNode = FALSE
	EndGlobalSection
	GlobalSection(ExtensibilityGlobals) = postSolution
		SolutionGuid = {FEA1BCF3-8ED7-44CA-8912-A962983BACC7}
	EndGlobalSection
EndGlobal
